
Microsoft Visual Studio Solution File, Format Version 12.00
# Visual Studio Version 17
VisualStudioVersion = 17.2.32616.157
MinimumVisualStudioVersion = 10.0.40219.1
Project("{FAE04EC0-301F-11D3-BF4B-00C04F79EFBC}") = "LayoutIntroandForm", "LayoutIntroandForm\LayoutIntroandForm.csproj", "{EE5C6531-F89D-4F7D-999E-246B3F4F5316}"
EndProject
Global
	GlobalSection(SolutionConfigurationPlatforms) = preSolution
		Debug|Any CPU = Debug|Any CPU
		Release|Any CPU = Release|Any CPU
	EndGlobalSection
	GlobalSection(ProjectConfigurationPlatforms) = postSolution
		{EE5C6531-F89D-4F7D-999E-246B3F4F5316}.Debug|Any CPU.ActiveCfg = Debug|Any CPU
		{EE5C6531-F89D-4F7D-999E-246B3F4F5316}.Debug|Any CPU.Build.0 = Debug|Any CPU
		{EE5C6531-F89D-4F7D-999E-246B3F4F5316}.Release|Any CPU.ActiveCfg = Release|Any CPU
		{EE5C6531-F89D-4F7D-999E-246B3F4F5316}.Release|Any CPU.Build.0 = Release|Any CPU
	EndGlobalSection
	GlobalSection(SolutionProperties) = preSolution
		HideSolutionNode = FALSE
	EndGlobalSection
	GlobalSection(ExtensibilityGlobals) = postSolution
		SolutionGuid = {7B875541-A074-4D5E-AC66-C1EC1EA9FB7C}
	EndGlobalSection
EndGlobal
