
Microsoft Visual Studio Solution File, Format Version 12.00
# Visual Studio Version 17
VisualStudioVersion = 17.2.32616.157
MinimumVisualStudioVersion = 10.0.40219.1
Project("{FAE04EC0-301F-11D3-BF4B-00C04F79EFBC}") = "IntroEF", "IntroEF\IntroEF.csproj", "{1AF266E7-AC4A-4794-8FCA-5704268D3FE5}"
EndProject
Global
	GlobalSection(SolutionConfigurationPlatforms) = preSolution
		Debug|Any CPU = Debug|Any CPU
		Release|Any CPU = Release|Any CPU
	EndGlobalSection
	GlobalSection(ProjectConfigurationPlatforms) = postSolution
		{1AF266E7-AC4A-4794-8FCA-5704268D3FE5}.Debug|Any CPU.ActiveCfg = Debug|Any CPU
		{1AF266E7-AC4A-4794-8FCA-5704268D3FE5}.Debug|Any CPU.Build.0 = Debug|Any CPU
		{1AF266E7-AC4A-4794-8FCA-5704268D3FE5}.Release|Any CPU.ActiveCfg = Release|Any CPU
		{1AF266E7-AC4A-4794-8FCA-5704268D3FE5}.Release|Any CPU.Build.0 = Release|Any CPU
	EndGlobalSection
	GlobalSection(SolutionProperties) = preSolution
		HideSolutionNode = FALSE
	EndGlobalSection
	GlobalSection(ExtensibilityGlobals) = postSolution
		SolutionGuid = {5D95B823-D6DC-4D18-9AAD-8F886DAAE959}
	EndGlobalSection
EndGlobal
