
Microsoft Visual Studio Solution File, Format Version 12.00
# Visual Studio Version 17
VisualStudioVersion = 17.2.32616.157
MinimumVisualStudioVersion = 10.0.40219.1
Project("{FAE04EC0-301F-11D3-BF4B-00C04F79EFBC}") = "IntroAPI", "IntroAPI\IntroAPI.csproj", "{CAE73C62-B62C-4605-BE5D-AB369ECA51BA}"
EndProject
Global
	GlobalSection(SolutionConfigurationPlatforms) = preSolution
		Debug|Any CPU = Debug|Any CPU
		Release|Any CPU = Release|Any CPU
	EndGlobalSection
	GlobalSection(ProjectConfigurationPlatforms) = postSolution
		{CAE73C62-B62C-4605-BE5D-AB369ECA51BA}.Debug|Any CPU.ActiveCfg = Debug|Any CPU
		{CAE73C62-B62C-4605-BE5D-AB369ECA51BA}.Debug|Any CPU.Build.0 = Debug|Any CPU
		{CAE73C62-B62C-4605-BE5D-AB369ECA51BA}.Release|Any CPU.ActiveCfg = Release|Any CPU
		{CAE73C62-B62C-4605-BE5D-AB369ECA51BA}.Release|Any CPU.Build.0 = Release|Any CPU
	EndGlobalSection
	GlobalSection(SolutionProperties) = preSolution
		HideSolutionNode = FALSE
	EndGlobalSection
	GlobalSection(ExtensibilityGlobals) = postSolution
		SolutionGuid = {51B4202F-F7B0-45F5-96B0-5BEDB8E34B96}
	EndGlobalSection
EndGlobal
